# This file is automatically @generated by Cargo.
# It is not intended for manual editing.
version = 3

[[package]]
name = "article_base"
version = "0.1.0"
dependencies = [
 "html_constant",
 "html_tags",
 "table_base",
]

[[package]]
name = "dotenv"
version = "0.15.0"
source = "registry+https://github.com/rust-lang/crates.io-index"
checksum = "77c90badedccf4105eca100756a0b1289e191f6fcbdadd3cee1d2f614f97da8f"

[[package]]
name = "html_constant"
version = "0.1.0"
dependencies = [
 "html_tags",
]

[[package]]
name = "html_tags"
version = "0.1.0"

[[package]]
name = "http_status"
version = "0.1.0"

[[package]]
name = "table_base"
version = "0.1.0"
dependencies = [
 "html_constant",
 "html_tags",
]

[[package]]
name = "tcp_server"
version = "0.1.0"
dependencies = [
 "article_base",
 "dotenv",
 "html_tags",
 "http_status",
 "table_base",
]
