# This file is automatically @generated by Cargo.
# It is not intended for manual editing.
version = 3

[[package]]
name = "css_constant"
version = "0.1.0"

[[package]]
name = "css_parts"
version = "0.1.0"
dependencies = [
 "css_constant",
 "html_constant",
]

[[package]]
name = "html_constant"
version = "0.1.0"
dependencies = [
 "html_tags",
]

[[package]]
name = "html_tags"
version = "0.1.0"
